[{<<"goldrush">>,
  {git,"git://github.com/basho/goldrush.git",
       {ref,"8f1b715d36b650ec1e1f5612c00e28af6ab0de82"}},
  0},
 {<<"gproc">>,
  {git,"git://github.com/uwiger/gproc.git",
       {ref,"ce7397809aca0d6eb3aac6db65953752e47fb511"}},
  0},
 {<<"lager">>,
  {git,"git://github.com/erlang-lager/lager.git",
       {ref,"1c0ab772df0535d46a4467857954ee4dcf7f3078"}},
  0},
 {<<"sync">>,
  {git,"git://github.com/rustyio/sync.git",
       {ref,"d7ded2d221fb542b3417cffe77163206613daacb"}},
  0}].
